
Microsoft Visual Studio Solution File, Format Version 12.00
# Visual Studio Version 17
VisualStudioVersion = 17.5.33627.172
MinimumVisualStudioVersion = 10.0.40219.1
Project("{9A19103F-16F7-4668-BE54-9A1E7A4F7556}") = "SchedulerCRUD", "SchedulerCRUD\SchedulerCRUD.csproj", "{D99287C8-1DBD-446A-B7F9-FCE7A282F992}"
EndProject
Project("{9A19103F-16F7-4668-BE54-9A1E7A4F7556}") = "RestfulServices", "Restful_Services\RestfulServices.csproj", "{02125F24-901D-49C4-BCE0-A556A431BDB5}"
EndProject
Global
	GlobalSection(SolutionConfigurationPlatforms) = preSolution
		Debug|Any CPU = Debug|Any CPU
		Release|Any CPU = Release|Any CPU
	EndGlobalSection
	GlobalSection(ProjectConfigurationPlatforms) = postSolution
		{D99287C8-1DBD-446A-B7F9-FCE7A282F992}.Debug|Any CPU.ActiveCfg = Debug|Any CPU
		{D99287C8-1DBD-446A-B7F9-FCE7A282F992}.Debug|Any CPU.Build.0 = Debug|Any CPU
		{D99287C8-1DBD-446A-B7F9-FCE7A282F992}.Release|Any CPU.ActiveCfg = Release|Any CPU
		{D99287C8-1DBD-446A-B7F9-FCE7A282F992}.Release|Any CPU.Build.0 = Release|Any CPU
		{02125F24-901D-49C4-BCE0-A556A431BDB5}.Debug|Any CPU.ActiveCfg = Debug|Any CPU
		{02125F24-901D-49C4-BCE0-A556A431BDB5}.Debug|Any CPU.Build.0 = Debug|Any CPU
		{02125F24-901D-49C4-BCE0-A556A431BDB5}.Release|Any CPU.ActiveCfg = Release|Any CPU
		{02125F24-901D-49C4-BCE0-A556A431BDB5}.Release|Any CPU.Build.0 = Release|Any CPU
	EndGlobalSection
	GlobalSection(SolutionProperties) = preSolution
		HideSolutionNode = FALSE
	EndGlobalSection
	GlobalSection(ExtensibilityGlobals) = postSolution
		SolutionGuid = {5708A5B1-7B68-40F4-AA95-F058BB790FB2}
	EndGlobalSection
EndGlobal
